{
  "requires": true,
  "lockfileVersion": 1,
  "dependencies": {
    "@ionic-native/facebook": {
      "version": "4.11.0",
      "resolved": "https://registry.npmjs.org/@ionic-native/facebook/-/facebook-4.11.0.tgz",
      "integrity": "sha512-v0EYTN9Zolx+xxPv0db9zDA26BhZ3iEteKcvu5OTId/Swb1ixsn2r/uCAlyX45rraTddayh9sUyYV9ObybTfjg=="
    },
    "rxjs": {
      "version": "6.0.0",
      "resolved": "https://registry.npmjs.org/rxjs/-/rxjs-6.0.0.tgz",
      "integrity": "sha512-2MgLQr1zvks8+Kip4T6hcJdiBhV+SIvxguoWjhwtSpNPTp/5e09HJbgclCwR/nW0yWzhubM+6Q0prl8G5RuoBA==",
      "requires": {
        "tslib": "1.9.3"
      }
    },
    "rxjs-compat": {
      "version": "6.2.2",
      "resolved": "https://registry.npmjs.org/rxjs-compat/-/rxjs-compat-6.2.2.tgz",
      "integrity": "sha512-h113JzEXnqBd6JQ8TYg33oDuM3baZ9WKS49rtbMX0gBW2Kz0z4wDZ0/pCA0T9sRJM1HkZT6mt45gpYOJ2MqWYQ=="
    },
    "tslib": {
      "version": "1.9.3",
      "resolved": "https://registry.npmjs.org/tslib/-/tslib-1.9.3.tgz",
      "integrity": "sha512-4krF8scpejhaOgqzBEcGM7yDIEfi0/8+8zDRZhNZZ2kjmHJ4hv3zCbQWxoJGz1iw5U0Jl0nma13xzHXcncMavQ=="
    }
  }
}
